# This file is automatically @generated by Cargo.
# It is not intended for manual editing.
version = 4

[[package]]
name = "calculator-olivmath"
version = "0.2.0"
source = "registry+https://github.com/rust-lang/crates.io-index"
checksum = "8b82e43abf73c4be3383c2187296017db2d25e25ffe7a65cda459e4ce9e061a3"

[[package]]
name = "demo-lib"
version = "0.1.0"
dependencies = [
 "calculator-olivmath",
]
